<Solution>
  <Folder Name="/src/">
    <Project Path="src/CodeEnforcer.Analyzers/CodeEnforcer.Analyzers.csproj" />
    <Project Path="src/CodeEnforcer/CodeEnforcer.csproj" />
  </Folder>
  <Folder Name="/tests/">
    <Project Path="tests/CodeEnforcer.Analyzers.Tests/CodeEnforcer.Analyzers.Tests.csproj" />
    <Project Path="tests/CodeEnforcer.Tests/CodeEnforcer.Tests.csproj" />
  </Folder>
</Solution>
